// !$*UTF8*$!
{
	archiveVersion = 1;
	classes = {
	};
	objectVersion = 50;
	objects = {

/* Begin PBXBuildFile section */
		0771AC20219C8B1700C0EC18 /* AppDelegate.swift in Sources */ = {isa = PBXBuildFile; fileRef = 0771AC1F219C8B1700C0EC18 /* AppDelegate.swift */; };
		0771AC25219C8B1700C0EC18 /* Main.storyboard in Resources */ = {isa = PBXBuildFile; fileRef = 0771AC23219C8B1700C0EC18 /* Main.storyboard */; };
		0771AC27219C8B1800C0EC18 /* Assets.xcassets in Resources */ = {isa = PBXBuildFile; fileRef = 0771AC26219C8B1800C0EC18 /* Assets.xcassets */; };
		0771AC2A219C8B1800C0EC18 /* LaunchScreen.storyboard in Resources */ = {isa = PBXBuildFile; fileRef = 0771AC28219C8B1800C0EC18 /* LaunchScreen.storyboard */; };
		0771AC35219C8B1800C0EC18 /* Field_SurveyTests.swift in Sources */ = {isa = PBXBuildFile; fileRef = 0771AC34219C8B1800C0EC18 /* Field_SurveyTests.swift */; };
		0771AC40219C8B1800C0EC18 /* Field_SurveyUITests.swift in Sources */ = {isa = PBXBuildFile; fileRef = 0771AC3F219C8B1800C0EC18 /* Field_SurveyUITests.swift */; };
		07F34725219CAD490010016F /* field_observations.json in Resources */ = {isa = PBXBuildFile; fileRef = 07F34724219CAD490010016F /* field_observations.json */; };
		07F34727219CAD870010016F /* classifications.swift in Sources */ = {isa = PBXBuildFile; fileRef = 07F34726219CAD870010016F /* classifications.swift */; };
		07F3472B219CAEEF0010016F /* FieldSurvey.swift in Sources */ = {isa = PBXBuildFile; fileRef = 07F3472A219CAEEF0010016F /* FieldSurvey.swift */; };
		07F3472D219CC5D90010016F /* FieldSurveyJSONParser.swift in Sources */ = {isa = PBXBuildFile; fileRef = 07F3472C219CC5D90010016F /* FieldSurveyJSONParser.swift */; };
/* End PBXBuildFile section */

/* Begin PBXContainerItemProxy section */
		0771AC31219C8B1800C0EC18 /* PBXContainerItemProxy */ = {
			isa = PBXContainerItemProxy;
			containerPortal = 0771AC14219C8B1600C0EC18 /* Project object */;
			proxyType = 1;
			remoteGlobalIDString = 0771AC1B219C8B1700C0EC18;
			remoteInfo = "Field Survey";
		};
		0771AC3C219C8B1800C0EC18 /* PBXContainerItemProxy */ = {
			isa = PBXContainerItemProxy;
			containerPortal = 0771AC14219C8B1600C0EC18 /* Project object */;
			proxyType = 1;
			remoteGlobalIDString = 0771AC1B219C8B1700C0EC18;
			remoteInfo = "Field Survey";
		};
/* End PBXContainerItemProxy section */

/* Begin PBXFileReference section */
		0771AC1C219C8B1700C0EC18 /* Field Survey.app */ = {isa = PBXFileReference; explicitFileType = wrapper.application; includeInIndex = 0; path = "Field Survey.app"; sourceTree = BUILT_PRODUCTS_DIR; };
		0771AC1F219C8B1700C0EC18 /* AppDelegate.swift */ = {isa = PBXFileReference; lastKnownFileType = sourcecode.swift; path = AppDelegate.swift; sourceTree = "<group>"; };
		0771AC24219C8B1700C0EC18 /* Base */ = {isa = PBXFileReference; lastKnownFileType = file.storyboard; name = Base; path = Base.lproj/Main.storyboard; sourceTree = "<group>"; };
		0771AC26219C8B1800C0EC18 /* Assets.xcassets */ = {isa = PBXFileReference; lastKnownFileType = folder.assetcatalog; path = Assets.xcassets; sourceTree = "<group>"; };
		0771AC29219C8B1800C0EC18 /* Base */ = {isa = PBXFileReference; lastKnownFileType = file.storyboard; name = Base; path = Base.lproj/LaunchScreen.storyboard; sourceTree = "<group>"; };
		0771AC2B219C8B1800C0EC18 /* Info.plist */ = {isa = PBXFileReference; lastKnownFileType = text.plist.xml; path = Info.plist; sourceTree = "<group>"; };
		0771AC30219C8B1800C0EC18 /* Field SurveyTests.xctest */ = {isa = PBXFileReference; explicitFileType = wrapper.cfbundle; includeInIndex = 0; path = "Field SurveyTests.xctest"; sourceTree = BUILT_PRODUCTS_DIR; };
		0771AC34219C8B1800C0EC18 /* Field_SurveyTests.swift */ = {isa = PBXFileReference; lastKnownFileType = sourcecode.swift; path = Field_SurveyTests.swift; sourceTree = "<group>"; };
		0771AC36219C8B1800C0EC18 /* Info.plist */ = {isa = PBXFileReference; lastKnownFileType = text.plist.xml; path = Info.plist; sourceTree = "<group>"; };
		0771AC3B219C8B1800C0EC18 /* Field SurveyUITests.xctest */ = {isa = PBXFileReference; explicitFileType = wrapper.cfbundle; includeInIndex = 0; path = "Field SurveyUITests.xctest"; sourceTree = BUILT_PRODUCTS_DIR; };
		0771AC3F219C8B1800C0EC18 /* Field_SurveyUITests.swift */ = {isa = PBXFileReference; lastKnownFileType = sourcecode.swift; path = Field_SurveyUITests.swift; sourceTree = "<group>"; };
		0771AC41219C8B1800C0EC18 /* Info.plist */ = {isa = PBXFileReference; lastKnownFileType = text.plist.xml; path = Info.plist; sourceTree = "<group>"; };
		07F34724219CAD490010016F /* field_observations.json */ = {isa = PBXFileReference; fileEncoding = 4; lastKnownFileType = text.json; path = field_observations.json; sourceTree = "<group>"; };
		07F34726219CAD870010016F /* classifications.swift */ = {isa = PBXFileReference; lastKnownFileType = sourcecode.swift; path = classifications.swift; sourceTree = "<group>"; };
		07F3472A219CAEEF0010016F /* FieldSurvey.swift */ = {isa = PBXFileReference; lastKnownFileType = sourcecode.swift; path = FieldSurvey.swift; sourceTree = "<group>"; };
		07F3472C219CC5D90010016F /* FieldSurveyJSONParser.swift */ = {isa = PBXFileReference; lastKnownFileType = sourcecode.swift; path = FieldSurveyJSONParser.swift; sourceTree = "<group>"; };
/* End PBXFileReference section */

/* Begin PBXFrameworksBuildPhase section */
		0771AC19219C8B1700C0EC18 /* Frameworks */ = {
			isa = PBXFrameworksBuildPhase;
			buildActionMask = 2147483647;
			files = (
			);
			runOnlyForDeploymentPostprocessing = 0;
		};
		0771AC2D219C8B1800C0EC18 /* Frameworks */ = {
			isa = PBXFrameworksBuildPhase;
			buildActionMask = 2147483647;
			files = (
			);
			runOnlyForDeploymentPostprocessing = 0;
		};
		0771AC38219C8B1800C0EC18 /* Frameworks */ = {
			isa = PBXFrameworksBuildPhase;
			buildActionMask = 2147483647;
			files = (
			);
			runOnlyForDeploymentPostprocessing = 0;
		};
/* End PBXFrameworksBuildPhase section */

/* Begin PBXGroup section */
		0771AC13219C8B1600C0EC18 = {
			isa = PBXGroup;
			children = (
				0771AC1E219C8B1700C0EC18 /* Field Survey */,
				0771AC33219C8B1800C0EC18 /* Field SurveyTests */,
				0771AC3E219C8B1800C0EC18 /* Field SurveyUITests */,
				0771AC1D219C8B1700C0EC18 /* Products */,
			);
			sourceTree = "<group>";
		};
		0771AC1D219C8B1700C0EC18 /* Products */ = {
			isa = PBXGroup;
			children = (
				0771AC1C219C8B1700C0EC18 /* Field Survey.app */,
				0771AC30219C8B1800C0EC18 /* Field SurveyTests.xctest */,
				0771AC3B219C8B1800C0EC18 /* Field SurveyUITests.xctest */,
			);
			name = Products;
			sourceTree = "<group>";
		};
		0771AC1E219C8B1700C0EC18 /* Field Survey */ = {
			isa = PBXGroup;
			children = (
				07F34723219CAC760010016F /* Model */,
				0771AC1F219C8B1700C0EC18 /* AppDelegate.swift */,
				0771AC23219C8B1700C0EC18 /* Main.storyboard */,
				0771AC26219C8B1800C0EC18 /* Assets.xcassets */,
				0771AC28219C8B1800C0EC18 /* LaunchScreen.storyboard */,
				0771AC2B219C8B1800C0EC18 /* Info.plist */,
			);
			path = "Field Survey";
			sourceTree = "<group>";
		};
		0771AC33219C8B1800C0EC18 /* Field SurveyTests */ = {
			isa = PBXGroup;
			children = (
				0771AC34219C8B1800C0EC18 /* Field_SurveyTests.swift */,
				0771AC36219C8B1800C0EC18 /* Info.plist */,
			);
			path = "Field SurveyTests";
			sourceTree = "<group>";
		};
		0771AC3E219C8B1800C0EC18 /* Field SurveyUITests */ = {
			isa = PBXGroup;
			children = (
				0771AC3F219C8B1800C0EC18 /* Field_SurveyUITests.swift */,
				0771AC41219C8B1800C0EC18 /* Info.plist */,
			);
			path = "Field SurveyUITests";
			sourceTree = "<group>";
		};
		07F34723219CAC760010016F /* Model */ = {
			isa = PBXGroup;
			children = (
				07F34724219CAD490010016F /* field_observations.json */,
				07F34726219CAD870010016F /* classifications.swift */,
				07F3472A219CAEEF0010016F /* FieldSurvey.swift */,
				07F3472C219CC5D90010016F /* FieldSurveyJSONParser.swift */,
			);
			path = Model;
			sourceTree = "<group>";
		};
/* End PBXGroup section */

/* Begin PBXNativeTarget section */
		0771AC1B219C8B1700C0EC18 /* Field Survey */ = {
			isa = PBXNativeTarget;
			buildConfigurationList = 0771AC44219C8B1800C0EC18 /* Build configuration list for PBXNativeTarget "Field Survey" */;
			buildPhases = (
				0771AC18219C8B1700C0EC18 /* Sources */,
				0771AC19219C8B1700C0EC18 /* Frameworks */,
				0771AC1A219C8B1700C0EC18 /* Resources */,
			);
			buildRules = (
			);
			dependencies = (
			);
			name = "Field Survey";
			productName = "Field Survey";
			productReference = 0771AC1C219C8B1700C0EC18 /* Field Survey.app */;
			productType = "com.apple.product-type.application";
		};
		0771AC2F219C8B1800C0EC18 /* Field SurveyTests */ = {
			isa = PBXNativeTarget;
			buildConfigurationList = 0771AC47219C8B1800C0EC18 /* Build configuration list for PBXNativeTarget "Field SurveyTests" */;
			buildPhases = (
				0771AC2C219C8B1800C0EC18 /* Sources */,
				0771AC2D219C8B1800C0EC18 /* Frameworks */,
				0771AC2E219C8B1800C0EC18 /* Resources */,
			);
			buildRules = (
			);
			dependencies = (
				0771AC32219C8B1800C0EC18 /* PBXTargetDependency */,
			);
			name = "Field SurveyTests";
			productName = "Field SurveyTests";
			productReference = 0771AC30219C8B1800C0EC18 /* Field SurveyTests.xctest */;
			productType = "com.apple.product-type.bundle.unit-test";
		};
		0771AC3A219C8B1800C0EC18 /* Field SurveyUITests */ = {
			isa = PBXNativeTarget;
			buildConfigurationList = 0771AC4A219C8B1800C0EC18 /* Build configuration list for PBXNativeTarget "Field SurveyUITests" */;
			buildPhases = (
				0771AC37219C8B1800C0EC18 /* Sources */,
				0771AC38219C8B1800C0EC18 /* Frameworks */,
				0771AC39219C8B1800C0EC18 /* Resources */,
			);
			buildRules = (
			);
			dependencies = (
				0771AC3D219C8B1800C0EC18 /* PBXTargetDependency */,
			);
			name = "Field SurveyUITests";
			productName = "Field SurveyUITests";
			productReference = 0771AC3B219C8B1800C0EC18 /* Field SurveyUITests.xctest */;
			productType = "com.apple.product-type.bundle.ui-testing";
		};
/* End PBXNativeTarget section */

/* Begin PBXProject section */
		0771AC14219C8B1600C0EC18 /* Project object */ = {
			isa = PBXProject;
			attributes = {
				LastSwiftUpdateCheck = 0940;
				LastUpgradeCheck = 0940;
				ORGANIZATIONNAME = ZacJohnson;
				TargetAttributes = {
					0771AC1B219C8B1700C0EC18 = {
						CreatedOnToolsVersion = 9.4.1;
					};
					0771AC2F219C8B1800C0EC18 = {
						CreatedOnToolsVersion = 9.4.1;
						TestTargetID = 0771AC1B219C8B1700C0EC18;
					};
					0771AC3A219C8B1800C0EC18 = {
						CreatedOnToolsVersion = 9.4.1;
						TestTargetID = 0771AC1B219C8B1700C0EC18;
					};
				};
			};
			buildConfigurationList = 0771AC17219C8B1600C0EC18 /* Build configuration list for PBXProject "Field Survey" */;
			compatibilityVersion = "Xcode 9.3";
			developmentRegion = en;
			hasScannedForEncodings = 0;
			knownRegions = (
				en,
				Base,
			);
			mainGroup = 0771AC13219C8B1600C0EC18;
			productRefGroup = 0771AC1D219C8B1700C0EC18 /* Products */;
			projectDirPath = "";
			projectRoot = "";
			targets = (
				0771AC1B219C8B1700C0EC18 /* Field Survey */,
				0771AC2F219C8B1800C0EC18 /* Field SurveyTests */,
				0771AC3A219C8B1800C0EC18 /* Field SurveyUITests */,
			);
		};
/* End PBXProject section */

/* Begin PBXResourcesBuildPhase section */
		0771AC1A219C8B1700C0EC18 /* Resources */ = {
			isa = PBXResourcesBuildPhase;
			buildActionMask = 2147483647;
			files = (
				0771AC2A219C8B1800C0EC18 /* LaunchScreen.storyboard in Resources */,
				07F34725219CAD490010016F /* field_observations.json in Resources */,
				0771AC27219C8B1800C0EC18 /* Assets.xcassets in Resources */,
				0771AC25219C8B1700C0EC18 /* Main.storyboard in Resources */,
			);
			runOnlyForDeploymentPostprocessing = 0;
		};
		0771AC2E219C8B1800C0EC18 /* Resources */ = {
			isa = PBXResourcesBuildPhase;
			buildActionMask = 2147483647;
			files = (
			);
			runOnlyForDeploymentPostprocessing = 0;
		};
		0771AC39219C8B1800C0EC18 /* Resources */ = {
			isa = PBXResourcesBuildPhase;
			buildActionMask = 2147483647;
			files = (
			);
			runOnlyForDeploymentPostprocessing = 0;
		};
/* End PBXResourcesBuildPhase section */

/* Begin PBXSourcesBuildPhase section */
		0771AC18219C8B1700C0EC18 /* Sources */ = {
			isa = PBXSourcesBuildPhase;
			buildActionMask = 2147483647;
			files = (
				0771AC20219C8B1700C0EC18 /* AppDelegate.swift in Sources */,
				07F34727219CAD870010016F /* classifications.swift in Sources */,
				07F3472B219CAEEF0010016F /* FieldSurvey.swift in Sources */,
				07F3472D219CC5D90010016F /* FieldSurveyJSONParser.swift in Sources */,
			);
			runOnlyForDeploymentPostprocessing = 0;
		};
		0771AC2C219C8B1800C0EC18 /* Sources */ = {
			isa = PBXSourcesBuildPhase;
			buildActionMask = 2147483647;
			files = (
				0771AC35219C8B1800C0EC18 /* Field_SurveyTests.swift in Sources */,
			);
			runOnlyForDeploymentPostprocessing = 0;
		};
		0771AC37219C8B1800C0EC18 /* Sources */ = {
			isa = PBXSourcesBuildPhase;
			buildActionMask = 2147483647;
			files = (
				0771AC40219C8B1800C0EC18 /* Field_SurveyUITests.swift in Sources */,
			);
			runOnlyForDeploymentPostprocessing = 0;
		};
/* End PBXSourcesBuildPhase section */

/* Begin PBXTargetDependency section */
		0771AC32219C8B1800C0EC18 /* PBXTargetDependency */ = {
			isa = PBXTargetDependency;
			target = 0771AC1B219C8B1700C0EC18 /* Field Survey */;
			targetProxy = 0771AC31219C8B1800C0EC18 /* PBXContainerItemProxy */;
		};
		0771AC3D219C8B1800C0EC18 /* PBXTargetDependency */ = {
			isa = PBXTargetDependency;
			target = 0771AC1B219C8B1700C0EC18 /* Field Survey */;
			targetProxy = 0771AC3C219C8B1800C0EC18 /* PBXContainerItemProxy */;
		};
/* End PBXTargetDependency section */

/* Begin PBXVariantGroup section */
		0771AC23219C8B1700C0EC18 /* Main.storyboard */ = {
			isa = PBXVariantGroup;
			children = (
				0771AC24219C8B1700C0EC18 /* Base */,
			);
			name = Main.storyboard;
			sourceTree = "<group>";
		};
		0771AC28219C8B1800C0EC18 /* LaunchScreen.storyboard */ = {
			isa = PBXVariantGroup;
			children = (
				0771AC29219C8B1800C0EC18 /* Base */,
			);
			name = LaunchScreen.storyboard;
			sourceTree = "<group>";
		};
/* End PBXVariantGroup section */

/* Begin XCBuildConfiguration section */
		0771AC42219C8B1800C0EC18 /* Debug */ = {
			isa = XCBuildConfiguration;
			buildSettings = {
				ALWAYS_SEARCH_USER_PATHS = NO;
				CLANG_ANALYZER_NONNULL = YES;
				CLANG_ANALYZER_NUMBER_OBJECT_CONVERSION = YES_AGGRESSIVE;
				CLANG_CXX_LANGUAGE_STANDARD = "gnu++14";
				CLANG_CXX_LIBRARY = "libc++";
				CLANG_ENABLE_MODULES = YES;
				CLANG_ENABLE_OBJC_ARC = YES;
				CLANG_ENABLE_OBJC_WEAK = YES;
				CLANG_WARN_BLOCK_CAPTURE_AUTORELEASING = YES;
				CLANG_WARN_BOOL_CONVERSION = YES;
				CLANG_WARN_COMMA = YES;
				CLANG_WARN_CONSTANT_CONVERSION = YES;
				CLANG_WARN_DEPRECATED_OBJC_IMPLEMENTATIONS = YES;
				CLANG_WARN_DIRECT_OBJC_ISA_USAGE = YES_ERROR;
				CLANG_WARN_DOCUMENTATION_COMMENTS = YES;
				CLANG_WARN_EMPTY_BODY = YES;
				CLANG_WARN_ENUM_CONVERSION = YES;
				CLANG_WARN_INFINITE_RECURSION = YES;
				CLANG_WARN_INT_CONVERSION = YES;
				CLANG_WARN_NON_LITERAL_NULL_CONVERSION = YES;
				CLANG_WARN_OBJC_IMPLICIT_RETAIN_SELF = YES;
				CLANG_WARN_OBJC_LITERAL_CONVERSION = YES;
				CLANG_WARN_OBJC_ROOT_CLASS = YES_ERROR;
				CLANG_WARN_RANGE_LOOP_ANALYSIS = YES;
				CLANG_WARN_STRICT_PROTOTYPES = YES;
				CLANG_WARN_SUSPICIOUS_MOVE = YES;
				CLANG_WARN_UNGUARDED_AVAILABILITY = YES_AGGRESSIVE;
				CLANG_WARN_UNREACHABLE_CODE = YES;
				CLANG_WARN__DUPLICATE_METHOD_MATCH = YES;
				CODE_SIGN_IDENTITY = "iPhone Developer";
				COPY_PHASE_STRIP = NO;
				DEBUG_INFORMATION_FORMAT = dwarf;
				ENABLE_STRICT_OBJC_MSGSEND = YES;
				ENABLE_TESTABILITY = YES;
				GCC_C_LANGUAGE_STANDARD = gnu11;
				GCC_DYNAMIC_NO_PIC = NO;
				GCC_NO_COMMON_BLOCKS = YES;
				GCC_OPTIMIZATION_LEVEL = 0;
				GCC_PREPROCESSOR_DEFINITIONS = (
					"DEBUG=1",
					"$(inherited)",
				);
				GCC_WARN_64_TO_32_BIT_CONVERSION = YES;
				GCC_WARN_ABOUT_RETURN_TYPE = YES_ERROR;
				GCC_WARN_UNDECLARED_SELECTOR = YES;
				GCC_WARN_UNINITIALIZED_AUTOS = YES_AGGRESSIVE;
				GCC_WARN_UNUSED_FUNCTION = YES;
				GCC_WARN_UNUSED_VARIABLE = YES;
				IPHONEOS_DEPLOYMENT_TARGET = 11.4;
				MTL_ENABLE_DEBUG_INFO = YES;
				ONLY_ACTIVE_ARCH = YES;
				SDKROOT = iphoneos;
				SWIFT_ACTIVE_COMPILATION_CONDITIONS = DEBUG;
				SWIFT_OPTIMIZATION_LEVEL = "-Onone";
			};
			name = Debug;
		};
		0771AC43219C8B1800C0EC18 /* Release */ = {
			isa = XCBuildConfiguration;
			buildSettings = {
				ALWAYS_SEARCH_USER_PATHS = NO;
				CLANG_ANALYZER_NONNULL = YES;
				CLANG_ANALYZER_NUMBER_OBJECT_CONVERSION = YES_AGGRESSIVE;
				CLANG_CXX_LANGUAGE_STANDARD = "gnu++14";
				CLANG_CXX_LIBRARY = "libc++";
				CLANG_ENABLE_MODULES = YES;
				CLANG_ENABLE_OBJC_ARC = YES;
				CLANG_ENABLE_OBJC_WEAK = YES;
				CLANG_WARN_BLOCK_CAPTURE_AUTORELEASING = YES;
				CLANG_WARN_BOOL_CONVERSION = YES;
				CLANG_WARN_COMMA = YES;
				CLANG_WARN_CONSTANT_CONVERSION = YES;
				CLANG_WARN_DEPRECATED_OBJC_IMPLEMENTATIONS = YES;
				CLANG_WARN_DIRECT_OBJC_ISA_USAGE = YES_ERROR;
				CLANG_WARN_DOCUMENTATION_COMMENTS = YES;
				CLANG_WARN_EMPTY_BODY = YES;
				CLANG_WARN_ENUM_CONVERSION = YES;
				CLANG_WARN_INFINITE_RECURSION = YES;
				CLANG_WARN_INT_CONVERSION = YES;
				CLANG_WARN_NON_LITERAL_NULL_CONVERSION = YES;
				CLANG_WARN_OBJC_IMPLICIT_RETAIN_SELF = YES;
				CLANG_WARN_OBJC_LITERAL_CONVERSION = YES;
				CLANG_WARN_OBJC_ROOT_CLASS = YES_ERROR;
				CLANG_WARN_RANGE_LOOP_ANALYSIS = YES;
				CLANG_WARN_STRICT_PROTOTYPES = YES;
				CLANG_WARN_SUSPICIOUS_MOVE = YES;
				CLANG_WARN_UNGUARDED_AVAILABILITY = YES_AGGRESSIVE;
				CLANG_WARN_UNREACHABLE_CODE = YES;
				CLANG_WARN__DUPLICATE_METHOD_MATCH = YES;
				CODE_SIGN_IDENTITY = "iPhone Developer";
				COPY_PHASE_STRIP = NO;
				DEBUG_INFORMATION_FORMAT = "dwarf-with-dsym";
				ENABLE_NS_ASSERTIONS = NO;
				ENABLE_STRICT_OBJC_MSGSEND = YES;
				GCC_C_LANGUAGE_STANDARD = gnu11;
				GCC_NO_COMMON_BLOCKS = YES;
				GCC_WARN_64_TO_32_BIT_CONVERSION = YES;
				GCC_WARN_ABOUT_RETURN_TYPE = YES_ERROR;
				GCC_WARN_UNDECLARED_SELECTOR = YES;
				GCC_WARN_UNINITIALIZED_AUTOS = YES_AGGRESSIVE;
				GCC_WARN_UNUSED_FUNCTION = YES;
				GCC_WARN_UNUSED_VARIABLE = YES;
				IPHONEOS_DEPLOYMENT_TARGET = 11.4;
				MTL_ENABLE_DEBUG_INFO = NO;
				SDKROOT = iphoneos;
				SWIFT_COMPILATION_MODE = wholemodule;
				SWIFT_OPTIMIZATION_LEVEL = "-O";
				VALIDATE_PRODUCT = YES;
			};
			name = Release;
		};
		0771AC45219C8B1800C0EC18 /* Debug */ = {
			isa = XCBuildConfiguration;
			buildSettings = {
				ASSETCATALOG_COMPILER_APPICON_NAME = AppIcon;
				CODE_SIGN_STYLE = Automatic;
				DEVELOPMENT_TEAM = 5969K972XW;
				INFOPLIST_FILE = "Field Survey/Info.plist";
				LD_RUNPATH_SEARCH_PATHS = (
					"$(inherited)",
					"@executable_path/Frameworks",
				);
				PRODUCT_BUNDLE_IDENTIFIER = "JohnsonZac.Field-Survey";
				PRODUCT_NAME = "$(TARGET_NAME)";
				SWIFT_VERSION = 4.0;
				TARGETED_DEVICE_FAMILY = "1,2";
			};
			name = Debug;
		};
		0771AC46219C8B1800C0EC18 /* Release */ = {
			isa = XCBuildConfiguration;
			buildSettings = {
				ASSETCATALOG_COMPILER_APPICON_NAME = AppIcon;
				CODE_SIGN_STYLE = Automatic;
				DEVELOPMENT_TEAM = 5969K972XW;
				INFOPLIST_FILE = "Field Survey/Info.plist";
				LD_RUNPATH_SEARCH_PATHS = (
					"$(inherited)",
					"@executable_path/Frameworks",
				);
				PRODUCT_BUNDLE_IDENTIFIER = "JohnsonZac.Field-Survey";
				PRODUCT_NAME = "$(TARGET_NAME)";
				SWIFT_VERSION = 4.0;
				TARGETED_DEVICE_FAMILY = "1,2";
			};
			name = Release;
		};
		0771AC48219C8B1800C0EC18 /* Debug */ = {
			isa = XCBuildConfiguration;
			buildSettings = {
				ALWAYS_EMBED_SWIFT_STANDARD_LIBRARIES = YES;
				BUNDLE_LOADER = "$(TEST_HOST)";
				CODE_SIGN_STYLE = Automatic;
				DEVELOPMENT_TEAM = 5969K972XW;
				INFOPLIST_FILE = "Field SurveyTests/Info.plist";
				LD_RUNPATH_SEARCH_PATHS = (
					"$(inherited)",
					"@executable_path/Frameworks",
					"@loader_path/Frameworks",
				);
				PRODUCT_BUNDLE_IDENTIFIER = "JohnsonZac.Field-SurveyTests";
				PRODUCT_NAME = "$(TARGET_NAME)";
				SWIFT_VERSION = 4.0;
				TARGETED_DEVICE_FAMILY = "1,2";
				TEST_HOST = "$(BUILT_PRODUCTS_DIR)/Field Survey.app/Field Survey";
			};
			name = Debug;
		};
		0771AC49219C8B1800C0EC18 /* Release */ = {
			isa = XCBuildConfiguration;
			buildSettings = {
				ALWAYS_EMBED_SWIFT_STANDARD_LIBRARIES = YES;
				BUNDLE_LOADER = "$(TEST_HOST)";
				CODE_SIGN_STYLE = Automatic;
				DEVELOPMENT_TEAM = 5969K972XW;
				INFOPLIST_FILE = "Field SurveyTests/Info.plist";
				LD_RUNPATH_SEARCH_PATHS = (
					"$(inherited)",
					"@executable_path/Frameworks",
					"@loader_path/Frameworks",
				);
				PRODUCT_BUNDLE_IDENTIFIER = "JohnsonZac.Field-SurveyTests";
				PRODUCT_NAME = "$(TARGET_NAME)";
				SWIFT_VERSION = 4.0;
				TARGETED_DEVICE_FAMILY = "1,2";
				TEST_HOST = "$(BUILT_PRODUCTS_DIR)/Field Survey.app/Field Survey";
			};
			name = Release;
		};
		0771AC4B219C8B1800C0EC18 /* Debug */ = {
			isa = XCBuildConfiguration;
			buildSettings = {
				ALWAYS_EMBED_SWIFT_STANDARD_LIBRARIES = YES;
				CODE_SIGN_STYLE = Automatic;
				DEVELOPMENT_TEAM = 5969K972XW;
				INFOPLIST_FILE = "Field SurveyUITests/Info.plist";
				LD_RUNPATH_SEARCH_PATHS = (
					"$(inherited)",
					"@executable_path/Frameworks",
					"@loader_path/Frameworks",
				);
				PRODUCT_BUNDLE_IDENTIFIER = "JohnsonZac.Field-SurveyUITests";
				PRODUCT_NAME = "$(TARGET_NAME)";
				SWIFT_VERSION = 4.0;
				TARGETED_DEVICE_FAMILY = "1,2";
				TEST_TARGET_NAME = "Field Survey";
			};
			name = Debug;
		};
		0771AC4C219C8B1800C0EC18 /* Release */ = {
			isa = XCBuildConfiguration;
			buildSettings = {
				ALWAYS_EMBED_SWIFT_STANDARD_LIBRARIES = YES;
				CODE_SIGN_STYLE = Automatic;
				DEVELOPMENT_TEAM = 5969K972XW;
				INFOPLIST_FILE = "Field SurveyUITests/Info.plist";
				LD_RUNPATH_SEARCH_PATHS = (
					"$(inherited)",
					"@executable_path/Frameworks",
					"@loader_path/Frameworks",
				);
				PRODUCT_BUNDLE_IDENTIFIER = "JohnsonZac.Field-SurveyUITests";
				PRODUCT_NAME = "$(TARGET_NAME)";
				SWIFT_VERSION = 4.0;
				TARGETED_DEVICE_FAMILY = "1,2";
				TEST_TARGET_NAME = "Field Survey";
			};
			name = Release;
		};
/* End XCBuildConfiguration section */

/* Begin XCConfigurationList section */
		0771AC17219C8B1600C0EC18 /* Build configuration list for PBXProject "Field Survey" */ = {
			isa = XCConfigurationList;
			buildConfigurations = (
				0771AC42219C8B1800C0EC18 /* Debug */,
				0771AC43219C8B1800C0EC18 /* Release */,
			);
			defaultConfigurationIsVisible = 0;
			defaultConfigurationName = Release;
		};
		0771AC44219C8B1800C0EC18 /* Build configuration list for PBXNativeTarget "Field Survey" */ = {
			isa = XCConfigurationList;
			buildConfigurations = (
				0771AC45219C8B1800C0EC18 /* Debug */,
				0771AC46219C8B1800C0EC18 /* Release */,
			);
			defaultConfigurationIsVisible = 0;
			defaultConfigurationName = Release;
		};
		0771AC47219C8B1800C0EC18 /* Build configuration list for PBXNativeTarget "Field SurveyTests" */ = {
			isa = XCConfigurationList;
			buildConfigurations = (
				0771AC48219C8B1800C0EC18 /* Debug */,
				0771AC49219C8B1800C0EC18 /* Release */,
			);
			defaultConfigurationIsVisible = 0;
			defaultConfigurationName = Release;
		};
		0771AC4A219C8B1800C0EC18 /* Build configuration list for PBXNativeTarget "Field SurveyUITests" */ = {
			isa = XCConfigurationList;
			buildConfigurations = (
				0771AC4B219C8B1800C0EC18 /* Debug */,
				0771AC4C219C8B1800C0EC18 /* Release */,
			);
			defaultConfigurationIsVisible = 0;
			defaultConfigurationName = Release;
		};
/* End XCConfigurationList section */
	};
	rootObject = 0771AC14219C8B1600C0EC18 /* Project object */;
}
